
Microsoft Visual Studio Solution File, Format Version 12.00
# Visual Studio Version 16
VisualStudioVersion = 16.0.29123.88
MinimumVisualStudioVersion = 10.0.40219.1
Project("{FAE04EC0-301F-11D3-BF4B-00C04F79EFBC}") = "BdSqlite", "BdSqlite.csproj", "{B4CB1770-D5C3-42B0-85FF-453B13670BAE}"
EndProject
Global
	GlobalSection(SolutionConfigurationPlatforms) = preSolution
		Debug|Any CPU = Debug|Any CPU
		Release|Any CPU = Release|Any CPU
	EndGlobalSection
	GlobalSection(ProjectConfigurationPlatforms) = postSolution
		{B4CB1770-D5C3-42B0-85FF-453B13670BAE}.Debug|Any CPU.ActiveCfg = Debug|Any CPU
		{B4CB1770-D5C3-42B0-85FF-453B13670BAE}.Debug|Any CPU.Build.0 = Debug|Any CPU
		{B4CB1770-D5C3-42B0-85FF-453B13670BAE}.Debug|Any CPU.Deploy.0 = Debug|Any CPU
		{B4CB1770-D5C3-42B0-85FF-453B13670BAE}.Release|Any CPU.ActiveCfg = Release|Any CPU
		{B4CB1770-D5C3-42B0-85FF-453B13670BAE}.Release|Any CPU.Build.0 = Release|Any CPU
		{B4CB1770-D5C3-42B0-85FF-453B13670BAE}.Release|Any CPU.Deploy.0 = Release|Any CPU
	EndGlobalSection
	GlobalSection(SolutionProperties) = preSolution
		HideSolutionNode = FALSE
	EndGlobalSection
	GlobalSection(ExtensibilityGlobals) = postSolution
		SolutionGuid = {FF09EB00-8F75-47A4-9A67-D9C67765C60B}
	EndGlobalSection
EndGlobal
